
Microsoft Visual Studio Solution File, Format Version 12.00
# Visual Studio 15
VisualStudioVersion = 15.0.27428.2011
MinimumVisualStudioVersion = 10.0.40219.1
Project("{FAE04EC0-301F-11D3-BF4B-00C04F79EFBC}") = "装备管理信息系统", "装备管理信息系统\装备管理信息系统.csproj", "{E916369F-7E0A-4E42-A0C2-4998E0FCB33E}"
EndProject
Global
	GlobalSection(SolutionConfigurationPlatforms) = preSolution
		Debug|Any CPU = Debug|Any CPU
		Release|Any CPU = Release|Any CPU
	EndGlobalSection
	GlobalSection(ProjectConfigurationPlatforms) = postSolution
		{E916369F-7E0A-4E42-A0C2-4998E0FCB33E}.Debug|Any CPU.ActiveCfg = Debug|Any CPU
		{E916369F-7E0A-4E42-A0C2-4998E0FCB33E}.Debug|Any CPU.Build.0 = Debug|Any CPU
		{E916369F-7E0A-4E42-A0C2-4998E0FCB33E}.Release|Any CPU.ActiveCfg = Release|Any CPU
		{E916369F-7E0A-4E42-A0C2-4998E0FCB33E}.Release|Any CPU.Build.0 = Release|Any CPU
	EndGlobalSection
	GlobalSection(SolutionProperties) = preSolution
		HideSolutionNode = FALSE
	EndGlobalSection
	GlobalSection(ExtensibilityGlobals) = postSolution
		SolutionGuid = {D7E3F29C-E4FC-4DA1-8D39-B347E032815B}
	EndGlobalSection
EndGlobal
